
Microsoft Visual Studio Solution File, Format Version 12.00
# Visual Studio Version 17
VisualStudioVersion = 17.3.32825.248
MinimumVisualStudioVersion = 10.0.40219.1
Project("{FAE04EC0-301F-11D3-BF4B-00C04F79EFBC}") = "WebApi", "WebApi\WebApi.csproj", "{CF81DAF3-3EA4-43D5-A7DA-4FEB584E435E}"
EndProject
Project("{FAE04EC0-301F-11D3-BF4B-00C04F79EFBC}") = "WebServer", "WebServer\WebServer.csproj", "{78D195F3-D543-4B0F-A388-C4495AA9823E}"
EndProject
Global
	GlobalSection(SolutionConfigurationPlatforms) = preSolution
		Debug|Any CPU = Debug|Any CPU
		Release|Any CPU = Release|Any CPU
	EndGlobalSection
	GlobalSection(ProjectConfigurationPlatforms) = postSolution
		{CF81DAF3-3EA4-43D5-A7DA-4FEB584E435E}.Debug|Any CPU.ActiveCfg = Debug|Any CPU
		{CF81DAF3-3EA4-43D5-A7DA-4FEB584E435E}.Debug|Any CPU.Build.0 = Debug|Any CPU
		{CF81DAF3-3EA4-43D5-A7DA-4FEB584E435E}.Release|Any CPU.ActiveCfg = Release|Any CPU
		{CF81DAF3-3EA4-43D5-A7DA-4FEB584E435E}.Release|Any CPU.Build.0 = Release|Any CPU
		{78D195F3-D543-4B0F-A388-C4495AA9823E}.Debug|Any CPU.ActiveCfg = Debug|Any CPU
		{78D195F3-D543-4B0F-A388-C4495AA9823E}.Debug|Any CPU.Build.0 = Debug|Any CPU
		{78D195F3-D543-4B0F-A388-C4495AA9823E}.Release|Any CPU.ActiveCfg = Release|Any CPU
		{78D195F3-D543-4B0F-A388-C4495AA9823E}.Release|Any CPU.Build.0 = Release|Any CPU
	EndGlobalSection
	GlobalSection(SolutionProperties) = preSolution
		HideSolutionNode = FALSE
	EndGlobalSection
	GlobalSection(ExtensibilityGlobals) = postSolution
		SolutionGuid = {CB05CB00-58FB-4958-830C-E4A665FD459D}
	EndGlobalSection
EndGlobal
